
Microsoft Visual Studio Solution File, Format Version 12.00
# Visual Studio Version 16
VisualStudioVersion = 16.0.30907.101
MinimumVisualStudioVersion = 10.0.40219.1
Project("{8BC9CEB8-8B4A-11D0-8D11-00A0C91BC942}") = "12-1_MemoryLayoutTest", "Chapter12_solution\Chapter12_solution.vcxproj", "{5A898910-9BB5-43C4-9DA3-547770973B13}"
EndProject
Project("{8BC9CEB8-8B4A-11D0-8D11-00A0C91BC942}") = "12-2_ObjectIdentifierL-valueAndR-value", "12.2 Object, Identifier, L-value and R-value\12.2 Object, Identifier, L-value and R-value.vcxproj", "{022DEEB7-1C77-4E1E-A12D-527F9D696A61}"
EndProject
Project("{8BC9CEB8-8B4A-11D0-8D11-00A0C91BC942}") = "12-3A_FileScope", "12.3 Scope, Linkage, Duration\12.3 Scope, Linkage, Duration.vcxproj", "{F01F56DF-1169-4DAD-8192-930A77BDA5FA}"
EndProject
Project("{8BC9CEB8-8B4A-11D0-8D11-00A0C91BC942}") = "12-3A_Scope", "12-3A_Scope\12-3A_Scope.vcxproj", "{89E656A2-45C5-49D7-8F21-3B0C6765D360}"
EndProject
Project("{8BC9CEB8-8B4A-11D0-8D11-00A0C91BC942}") = "12-3B_Linkage", "12-3B_Linkage\12-3B_Linkage.vcxproj", "{272F0014-0B4C-44B6-B9A3-5C921B7A097A}"
EndProject
Project("{8BC9CEB8-8B4A-11D0-8D11-00A0C91BC942}") = "12-3C_Duration", "12-3C_Duration\12-3C_Duration.vcxproj", "{6BD32B30-B8FA-4012-AF16-45C34539C1A4}"
EndProject
Project("{8BC9CEB8-8B4A-11D0-8D11-00A0C91BC942}") = "12-5_AutomaticVariables", "12-5_AutomaticVariables\12-5_AutomaticVariables.vcxproj", "{6EEDFF21-B477-4F73-BD36-5DA43F3C8501}"
EndProject
Project("{8BC9CEB8-8B4A-11D0-8D11-00A0C91BC942}") = "12-6_RegisterVariables", "12-6_RegisterVariables\12-6_RegisterVariables.vcxproj", "{1349E7CD-794B-4605-9EF0-1489B99A9604}"
EndProject
Project("{8BC9CEB8-8B4A-11D0-8D11-00A0C91BC942}") = "12-7_StaticVariablesWithBlockScope", "12-7_StaticVariablesWithBlockScope\12-7_StaticVariablesWithBlockScope.vcxproj", "{46BAABA2-A578-4193-BD57-93F44B11A7DC}"
EndProject
Project("{8BC9CEB8-8B4A-11D0-8D11-00A0C91BC942}") = "12-8_ExternalLinkages", "12-8_ExternalLinkages\12-8_ExternalLinkages.vcxproj", "{4B58D463-66FD-494A-86FD-CA450ADB203F}"
EndProject
Project("{8BC9CEB8-8B4A-11D0-8D11-00A0C91BC942}") = "12-9_InternalLinkages", "12-9_InternalLinkages\12-9_InternalLinkages.vcxproj", "{8B0EE583-F902-432C-AD5C-FD9EB3C58FF8}"
EndProject
Project("{8BC9CEB8-8B4A-11D0-8D11-00A0C91BC942}") = "12-11_FunctionStorageClasses", "12-11_FunctionStorageClasses\12-11_FunctionStorageClasses.vcxproj", "{975F198B-DE36-4A8A-A269-3FCF870D136B}"
EndProject
Project("{8BC9CEB8-8B4A-11D0-8D11-00A0C91BC942}") = "12-12_PseudoRandom", "12-12_PseudoRandom\12-12_PseudoRandom.vcxproj", "{26AC6D01-4023-44AD-9014-0B4335646DBC}"
EndProject
Project("{8BC9CEB8-8B4A-11D0-8D11-00A0C91BC942}") = "12-12A_PseudoRandomProb", "12-12A_PseudoRandomProb\12-12A_PseudoRandomProb.vcxproj", "{F174150D-BC25-4582-ADB3-09DF6E786692}"
EndProject
Project("{8BC9CEB8-8B4A-11D0-8D11-00A0C91BC942}") = "12-12B_PseudoRandomANS", "12-12B_PseudoRandomANS\12-12B_PseudoRandomANS.vcxproj", "{99092986-BA3A-4CDF-832B-5F3D0F184412}"
EndProject
Project("{8BC9CEB8-8B4A-11D0-8D11-00A0C91BC942}") = "12-13_AllocatedMemory", "12-12C_DiceRoll\12-12C_DiceRoll.vcxproj", "{3D8FDEE4-340A-4A01-81D9-1D92A2D805E2}"
EndProject
Project("{8BC9CEB8-8B4A-11D0-8D11-00A0C91BC942}") = "12-14_Free", "12-14_Free\12-14_Free.vcxproj", "{1188A94B-7638-445C-A37D-6AD9AEBA5851}"
EndProject
Project("{8BC9CEB8-8B4A-11D0-8D11-00A0C91BC942}") = "12-15_DynamicallyAllocatedArrays", "12-15_DynamicallyAllocatedArrays\12-15_DynamicallyAllocatedArrays.vcxproj", "{ED82DC5C-93AF-4C76-A560-1C83514DD3E7}"
EndProject
Project("{8BC9CEB8-8B4A-11D0-8D11-00A0C91BC942}") = "12-16_calloc_realloc", "12-16_calloc_realloc\12-16_calloc_realloc.vcxproj", "{0309F707-B740-43F4-9438-FADE59D0052C}"
EndProject
Project("{8BC9CEB8-8B4A-11D0-8D11-00A0C91BC942}") = "12-17_StorageSpaceClassification", "12-17_StorageSpaceClassification\12-17_StorageSpaceClassification.vcxproj", "{8A93A3B4-3685-4F6E-815F-C00A34BE5422}"
EndProject
Project("{8BC9CEB8-8B4A-11D0-8D11-00A0C91BC942}") = "12-18_Qualifiers", "12-18_Qualifiers\12-18_Qualifiers.vcxproj", "{23045378-0900-463D-9CDA-5C7302A729D1}"
EndProject
Project("{8BC9CEB8-8B4A-11D0-8D11-00A0C91BC942}") = "12-19_Thread", "12-19_Thread\12-19_Thread.vcxproj", "{388A845A-E4C2-41E5-9DAE-D19E59D6B24A}"
EndProject
Global
	GlobalSection(SolutionConfigurationPlatforms) = preSolution
		Debug|x64 = Debug|x64
		Debug|x86 = Debug|x86
		Release|x64 = Release|x64
		Release|x86 = Release|x86
	EndGlobalSection
	GlobalSection(ProjectConfigurationPlatforms) = postSolution
		{5A898910-9BB5-43C4-9DA3-547770973B13}.Debug|x64.ActiveCfg = Debug|x64
		{5A898910-9BB5-43C4-9DA3-547770973B13}.Debug|x64.Build.0 = Debug|x64
		{5A898910-9BB5-43C4-9DA3-547770973B13}.Debug|x86.ActiveCfg = Debug|Win32
		{5A898910-9BB5-43C4-9DA3-547770973B13}.Debug|x86.Build.0 = Debug|Win32
		{5A898910-9BB5-43C4-9DA3-547770973B13}.Release|x64.ActiveCfg = Release|x64
		{5A898910-9BB5-43C4-9DA3-547770973B13}.Release|x64.Build.0 = Release|x64
		{5A898910-9BB5-43C4-9DA3-547770973B13}.Release|x86.ActiveCfg = Release|Win32
		{5A898910-9BB5-43C4-9DA3-547770973B13}.Release|x86.Build.0 = Release|Win32
		{022DEEB7-1C77-4E1E-A12D-527F9D696A61}.Debug|x64.ActiveCfg = Debug|x64
		{022DEEB7-1C77-4E1E-A12D-527F9D696A61}.Debug|x64.Build.0 = Debug|x64
		{022DEEB7-1C77-4E1E-A12D-527F9D696A61}.Debug|x86.ActiveCfg = Debug|Win32
		{022DEEB7-1C77-4E1E-A12D-527F9D696A61}.Debug|x86.Build.0 = Debug|Win32
		{022DEEB7-1C77-4E1E-A12D-527F9D696A61}.Release|x64.ActiveCfg = Release|x64
		{022DEEB7-1C77-4E1E-A12D-527F9D696A61}.Release|x64.Build.0 = Release|x64
		{022DEEB7-1C77-4E1E-A12D-527F9D696A61}.Release|x86.ActiveCfg = Release|Win32
		{022DEEB7-1C77-4E1E-A12D-527F9D696A61}.Release|x86.Build.0 = Release|Win32
		{F01F56DF-1169-4DAD-8192-930A77BDA5FA}.Debug|x64.ActiveCfg = Debug|x64
		{F01F56DF-1169-4DAD-8192-930A77BDA5FA}.Debug|x64.Build.0 = Debug|x64
		{F01F56DF-1169-4DAD-8192-930A77BDA5FA}.Debug|x86.ActiveCfg = Debug|Win32
		{F01F56DF-1169-4DAD-8192-930A77BDA5FA}.Debug|x86.Build.0 = Debug|Win32
		{F01F56DF-1169-4DAD-8192-930A77BDA5FA}.Release|x64.ActiveCfg = Release|x64
		{F01F56DF-1169-4DAD-8192-930A77BDA5FA}.Release|x64.Build.0 = Release|x64
		{F01F56DF-1169-4DAD-8192-930A77BDA5FA}.Release|x86.ActiveCfg = Release|Win32
		{F01F56DF-1169-4DAD-8192-930A77BDA5FA}.Release|x86.Build.0 = Release|Win32
		{89E656A2-45C5-49D7-8F21-3B0C6765D360}.Debug|x64.ActiveCfg = Debug|x64
		{89E656A2-45C5-49D7-8F21-3B0C6765D360}.Debug|x64.Build.0 = Debug|x64
		{89E656A2-45C5-49D7-8F21-3B0C6765D360}.Debug|x86.ActiveCfg = Debug|Win32
		{89E656A2-45C5-49D7-8F21-3B0C6765D360}.Debug|x86.Build.0 = Debug|Win32
		{89E656A2-45C5-49D7-8F21-3B0C6765D360}.Release|x64.ActiveCfg = Release|x64
		{89E656A2-45C5-49D7-8F21-3B0C6765D360}.Release|x64.Build.0 = Release|x64
		{89E656A2-45C5-49D7-8F21-3B0C6765D360}.Release|x86.ActiveCfg = Release|Win32
		{89E656A2-45C5-49D7-8F21-3B0C6765D360}.Release|x86.Build.0 = Release|Win32
		{272F0014-0B4C-44B6-B9A3-5C921B7A097A}.Debug|x64.ActiveCfg = Debug|x64
		{272F0014-0B4C-44B6-B9A3-5C921B7A097A}.Debug|x64.Build.0 = Debug|x64
		{272F0014-0B4C-44B6-B9A3-5C921B7A097A}.Debug|x86.ActiveCfg = Debug|Win32
		{272F0014-0B4C-44B6-B9A3-5C921B7A097A}.Debug|x86.Build.0 = Debug|Win32
		{272F0014-0B4C-44B6-B9A3-5C921B7A097A}.Release|x64.ActiveCfg = Release|x64
		{272F0014-0B4C-44B6-B9A3-5C921B7A097A}.Release|x64.Build.0 = Release|x64
		{272F0014-0B4C-44B6-B9A3-5C921B7A097A}.Release|x86.ActiveCfg = Release|Win32
		{272F0014-0B4C-44B6-B9A3-5C921B7A097A}.Release|x86.Build.0 = Release|Win32
		{6BD32B30-B8FA-4012-AF16-45C34539C1A4}.Debug|x64.ActiveCfg = Debug|x64
		{6BD32B30-B8FA-4012-AF16-45C34539C1A4}.Debug|x64.Build.0 = Debug|x64
		{6BD32B30-B8FA-4012-AF16-45C34539C1A4}.Debug|x86.ActiveCfg = Debug|Win32
		{6BD32B30-B8FA-4012-AF16-45C34539C1A4}.Debug|x86.Build.0 = Debug|Win32
		{6BD32B30-B8FA-4012-AF16-45C34539C1A4}.Release|x64.ActiveCfg = Release|x64
		{6BD32B30-B8FA-4012-AF16-45C34539C1A4}.Release|x64.Build.0 = Release|x64
		{6BD32B30-B8FA-4012-AF16-45C34539C1A4}.Release|x86.ActiveCfg = Release|Win32
		{6BD32B30-B8FA-4012-AF16-45C34539C1A4}.Release|x86.Build.0 = Release|Win32
		{6EEDFF21-B477-4F73-BD36-5DA43F3C8501}.Debug|x64.ActiveCfg = Debug|x64
		{6EEDFF21-B477-4F73-BD36-5DA43F3C8501}.Debug|x64.Build.0 = Debug|x64
		{6EEDFF21-B477-4F73-BD36-5DA43F3C8501}.Debug|x86.ActiveCfg = Debug|Win32
		{6EEDFF21-B477-4F73-BD36-5DA43F3C8501}.Debug|x86.Build.0 = Debug|Win32
		{6EEDFF21-B477-4F73-BD36-5DA43F3C8501}.Release|x64.ActiveCfg = Release|x64
		{6EEDFF21-B477-4F73-BD36-5DA43F3C8501}.Release|x64.Build.0 = Release|x64
		{6EEDFF21-B477-4F73-BD36-5DA43F3C8501}.Release|x86.ActiveCfg = Release|Win32
		{6EEDFF21-B477-4F73-BD36-5DA43F3C8501}.Release|x86.Build.0 = Release|Win32
		{1349E7CD-794B-4605-9EF0-1489B99A9604}.Debug|x64.ActiveCfg = Debug|x64
		{1349E7CD-794B-4605-9EF0-1489B99A9604}.Debug|x64.Build.0 = Debug|x64
		{1349E7CD-794B-4605-9EF0-1489B99A9604}.Debug|x86.ActiveCfg = Debug|Win32
		{1349E7CD-794B-4605-9EF0-1489B99A9604}.Debug|x86.Build.0 = Debug|Win32
		{1349E7CD-794B-4605-9EF0-1489B99A9604}.Release|x64.ActiveCfg = Release|x64
		{1349E7CD-794B-4605-9EF0-1489B99A9604}.Release|x64.Build.0 = Release|x64
		{1349E7CD-794B-4605-9EF0-1489B99A9604}.Release|x86.ActiveCfg = Release|Win32
		{1349E7CD-794B-4605-9EF0-1489B99A9604}.Release|x86.Build.0 = Release|Win32
		{46BAABA2-A578-4193-BD57-93F44B11A7DC}.Debug|x64.ActiveCfg = Debug|x64
		{46BAABA2-A578-4193-BD57-93F44B11A7DC}.Debug|x64.Build.0 = Debug|x64
		{46BAABA2-A578-4193-BD57-93F44B11A7DC}.Debug|x86.ActiveCfg = Debug|Win32
		{46BAABA2-A578-4193-BD57-93F44B11A7DC}.Debug|x86.Build.0 = Debug|Win32
		{46BAABA2-A578-4193-BD57-93F44B11A7DC}.Release|x64.ActiveCfg = Release|x64
		{46BAABA2-A578-4193-BD57-93F44B11A7DC}.Release|x64.Build.0 = Release|x64
		{46BAABA2-A578-4193-BD57-93F44B11A7DC}.Release|x86.ActiveCfg = Release|Win32
		{46BAABA2-A578-4193-BD57-93F44B11A7DC}.Release|x86.Build.0 = Release|Win32
		{4B58D463-66FD-494A-86FD-CA450ADB203F}.Debug|x64.ActiveCfg = Debug|x64
		{4B58D463-66FD-494A-86FD-CA450ADB203F}.Debug|x64.Build.0 = Debug|x64
		{4B58D463-66FD-494A-86FD-CA450ADB203F}.Debug|x86.ActiveCfg = Debug|Win32
		{4B58D463-66FD-494A-86FD-CA450ADB203F}.Debug|x86.Build.0 = Debug|Win32
		{4B58D463-66FD-494A-86FD-CA450ADB203F}.Release|x64.ActiveCfg = Release|x64
		{4B58D463-66FD-494A-86FD-CA450ADB203F}.Release|x64.Build.0 = Release|x64
		{4B58D463-66FD-494A-86FD-CA450ADB203F}.Release|x86.ActiveCfg = Release|Win32
		{4B58D463-66FD-494A-86FD-CA450ADB203F}.Release|x86.Build.0 = Release|Win32
		{8B0EE583-F902-432C-AD5C-FD9EB3C58FF8}.Debug|x64.ActiveCfg = Debug|x64
		{8B0EE583-F902-432C-AD5C-FD9EB3C58FF8}.Debug|x64.Build.0 = Debug|x64
		{8B0EE583-F902-432C-AD5C-FD9EB3C58FF8}.Debug|x86.ActiveCfg = Debug|Win32
		{8B0EE583-F902-432C-AD5C-FD9EB3C58FF8}.Debug|x86.Build.0 = Debug|Win32
		{8B0EE583-F902-432C-AD5C-FD9EB3C58FF8}.Release|x64.ActiveCfg = Release|x64
		{8B0EE583-F902-432C-AD5C-FD9EB3C58FF8}.Release|x64.Build.0 = Release|x64
		{8B0EE583-F902-432C-AD5C-FD9EB3C58FF8}.Release|x86.ActiveCfg = Release|Win32
		{8B0EE583-F902-432C-AD5C-FD9EB3C58FF8}.Release|x86.Build.0 = Release|Win32
		{975F198B-DE36-4A8A-A269-3FCF870D136B}.Debug|x64.ActiveCfg = Debug|x64
		{975F198B-DE36-4A8A-A269-3FCF870D136B}.Debug|x64.Build.0 = Debug|x64
		{975F198B-DE36-4A8A-A269-3FCF870D136B}.Debug|x86.ActiveCfg = Debug|Win32
		{975F198B-DE36-4A8A-A269-3FCF870D136B}.Debug|x86.Build.0 = Debug|Win32
		{975F198B-DE36-4A8A-A269-3FCF870D136B}.Release|x64.ActiveCfg = Release|x64
		{975F198B-DE36-4A8A-A269-3FCF870D136B}.Release|x64.Build.0 = Release|x64
		{975F198B-DE36-4A8A-A269-3FCF870D136B}.Release|x86.ActiveCfg = Release|Win32
		{975F198B-DE36-4A8A-A269-3FCF870D136B}.Release|x86.Build.0 = Release|Win32
		{26AC6D01-4023-44AD-9014-0B4335646DBC}.Debug|x64.ActiveCfg = Debug|x64
		{26AC6D01-4023-44AD-9014-0B4335646DBC}.Debug|x64.Build.0 = Debug|x64
		{26AC6D01-4023-44AD-9014-0B4335646DBC}.Debug|x86.ActiveCfg = Debug|Win32
		{26AC6D01-4023-44AD-9014-0B4335646DBC}.Debug|x86.Build.0 = Debug|Win32
		{26AC6D01-4023-44AD-9014-0B4335646DBC}.Release|x64.ActiveCfg = Release|x64
		{26AC6D01-4023-44AD-9014-0B4335646DBC}.Release|x64.Build.0 = Release|x64
		{26AC6D01-4023-44AD-9014-0B4335646DBC}.Release|x86.ActiveCfg = Release|Win32
		{26AC6D01-4023-44AD-9014-0B4335646DBC}.Release|x86.Build.0 = Release|Win32
		{F174150D-BC25-4582-ADB3-09DF6E786692}.Debug|x64.ActiveCfg = Debug|x64
		{F174150D-BC25-4582-ADB3-09DF6E786692}.Debug|x64.Build.0 = Debug|x64
		{F174150D-BC25-4582-ADB3-09DF6E786692}.Debug|x86.ActiveCfg = Debug|Win32
		{F174150D-BC25-4582-ADB3-09DF6E786692}.Debug|x86.Build.0 = Debug|Win32
		{F174150D-BC25-4582-ADB3-09DF6E786692}.Release|x64.ActiveCfg = Release|x64
		{F174150D-BC25-4582-ADB3-09DF6E786692}.Release|x64.Build.0 = Release|x64
		{F174150D-BC25-4582-ADB3-09DF6E786692}.Release|x86.ActiveCfg = Release|Win32
		{F174150D-BC25-4582-ADB3-09DF6E786692}.Release|x86.Build.0 = Release|Win32
		{99092986-BA3A-4CDF-832B-5F3D0F184412}.Debug|x64.ActiveCfg = Debug|x64
		{99092986-BA3A-4CDF-832B-5F3D0F184412}.Debug|x64.Build.0 = Debug|x64
		{99092986-BA3A-4CDF-832B-5F3D0F184412}.Debug|x86.ActiveCfg = Debug|Win32
		{99092986-BA3A-4CDF-832B-5F3D0F184412}.Debug|x86.Build.0 = Debug|Win32
		{99092986-BA3A-4CDF-832B-5F3D0F184412}.Release|x64.ActiveCfg = Release|x64
		{99092986-BA3A-4CDF-832B-5F3D0F184412}.Release|x64.Build.0 = Release|x64
		{99092986-BA3A-4CDF-832B-5F3D0F184412}.Release|x86.ActiveCfg = Release|Win32
		{99092986-BA3A-4CDF-832B-5F3D0F184412}.Release|x86.Build.0 = Release|Win32
		{3D8FDEE4-340A-4A01-81D9-1D92A2D805E2}.Debug|x64.ActiveCfg = Debug|x64
		{3D8FDEE4-340A-4A01-81D9-1D92A2D805E2}.Debug|x64.Build.0 = Debug|x64
		{3D8FDEE4-340A-4A01-81D9-1D92A2D805E2}.Debug|x86.ActiveCfg = Debug|Win32
		{3D8FDEE4-340A-4A01-81D9-1D92A2D805E2}.Debug|x86.Build.0 = Debug|Win32
		{3D8FDEE4-340A-4A01-81D9-1D92A2D805E2}.Release|x64.ActiveCfg = Release|x64
		{3D8FDEE4-340A-4A01-81D9-1D92A2D805E2}.Release|x64.Build.0 = Release|x64
		{3D8FDEE4-340A-4A01-81D9-1D92A2D805E2}.Release|x86.ActiveCfg = Release|Win32
		{3D8FDEE4-340A-4A01-81D9-1D92A2D805E2}.Release|x86.Build.0 = Release|Win32
		{1188A94B-7638-445C-A37D-6AD9AEBA5851}.Debug|x64.ActiveCfg = Debug|x64
		{1188A94B-7638-445C-A37D-6AD9AEBA5851}.Debug|x64.Build.0 = Debug|x64
		{1188A94B-7638-445C-A37D-6AD9AEBA5851}.Debug|x86.ActiveCfg = Debug|Win32
		{1188A94B-7638-445C-A37D-6AD9AEBA5851}.Debug|x86.Build.0 = Debug|Win32
		{1188A94B-7638-445C-A37D-6AD9AEBA5851}.Release|x64.ActiveCfg = Release|x64
		{1188A94B-7638-445C-A37D-6AD9AEBA5851}.Release|x64.Build.0 = Release|x64
		{1188A94B-7638-445C-A37D-6AD9AEBA5851}.Release|x86.ActiveCfg = Release|Win32
		{1188A94B-7638-445C-A37D-6AD9AEBA5851}.Release|x86.Build.0 = Release|Win32
		{ED82DC5C-93AF-4C76-A560-1C83514DD3E7}.Debug|x64.ActiveCfg = Debug|x64
		{ED82DC5C-93AF-4C76-A560-1C83514DD3E7}.Debug|x64.Build.0 = Debug|x64
		{ED82DC5C-93AF-4C76-A560-1C83514DD3E7}.Debug|x86.ActiveCfg = Debug|Win32
		{ED82DC5C-93AF-4C76-A560-1C83514DD3E7}.Debug|x86.Build.0 = Debug|Win32
		{ED82DC5C-93AF-4C76-A560-1C83514DD3E7}.Release|x64.ActiveCfg = Release|x64
		{ED82DC5C-93AF-4C76-A560-1C83514DD3E7}.Release|x64.Build.0 = Release|x64
		{ED82DC5C-93AF-4C76-A560-1C83514DD3E7}.Release|x86.ActiveCfg = Release|Win32
		{ED82DC5C-93AF-4C76-A560-1C83514DD3E7}.Release|x86.Build.0 = Release|Win32
		{0309F707-B740-43F4-9438-FADE59D0052C}.Debug|x64.ActiveCfg = Debug|x64
		{0309F707-B740-43F4-9438-FADE59D0052C}.Debug|x64.Build.0 = Debug|x64
		{0309F707-B740-43F4-9438-FADE59D0052C}.Debug|x86.ActiveCfg = Debug|Win32
		{0309F707-B740-43F4-9438-FADE59D0052C}.Debug|x86.Build.0 = Debug|Win32
		{0309F707-B740-43F4-9438-FADE59D0052C}.Release|x64.ActiveCfg = Release|x64
		{0309F707-B740-43F4-9438-FADE59D0052C}.Release|x64.Build.0 = Release|x64
		{0309F707-B740-43F4-9438-FADE59D0052C}.Release|x86.ActiveCfg = Release|Win32
		{0309F707-B740-43F4-9438-FADE59D0052C}.Release|x86.Build.0 = Release|Win32
		{8A93A3B4-3685-4F6E-815F-C00A34BE5422}.Debug|x64.ActiveCfg = Debug|x64
		{8A93A3B4-3685-4F6E-815F-C00A34BE5422}.Debug|x64.Build.0 = Debug|x64
		{8A93A3B4-3685-4F6E-815F-C00A34BE5422}.Debug|x86.ActiveCfg = Debug|Win32
		{8A93A3B4-3685-4F6E-815F-C00A34BE5422}.Debug|x86.Build.0 = Debug|Win32
		{8A93A3B4-3685-4F6E-815F-C00A34BE5422}.Release|x64.ActiveCfg = Release|x64
		{8A93A3B4-3685-4F6E-815F-C00A34BE5422}.Release|x64.Build.0 = Release|x64
		{8A93A3B4-3685-4F6E-815F-C00A34BE5422}.Release|x86.ActiveCfg = Release|Win32
		{8A93A3B4-3685-4F6E-815F-C00A34BE5422}.Release|x86.Build.0 = Release|Win32
		{23045378-0900-463D-9CDA-5C7302A729D1}.Debug|x64.ActiveCfg = Debug|x64
		{23045378-0900-463D-9CDA-5C7302A729D1}.Debug|x64.Build.0 = Debug|x64
		{23045378-0900-463D-9CDA-5C7302A729D1}.Debug|x86.ActiveCfg = Debug|Win32
		{23045378-0900-463D-9CDA-5C7302A729D1}.Debug|x86.Build.0 = Debug|Win32
		{23045378-0900-463D-9CDA-5C7302A729D1}.Release|x64.ActiveCfg = Release|x64
		{23045378-0900-463D-9CDA-5C7302A729D1}.Release|x64.Build.0 = Release|x64
		{23045378-0900-463D-9CDA-5C7302A729D1}.Release|x86.ActiveCfg = Release|Win32
		{23045378-0900-463D-9CDA-5C7302A729D1}.Release|x86.Build.0 = Release|Win32
		{388A845A-E4C2-41E5-9DAE-D19E59D6B24A}.Debug|x64.ActiveCfg = Debug|x64
		{388A845A-E4C2-41E5-9DAE-D19E59D6B24A}.Debug|x64.Build.0 = Debug|x64
		{388A845A-E4C2-41E5-9DAE-D19E59D6B24A}.Debug|x86.ActiveCfg = Debug|Win32
		{388A845A-E4C2-41E5-9DAE-D19E59D6B24A}.Debug|x86.Build.0 = Debug|Win32
		{388A845A-E4C2-41E5-9DAE-D19E59D6B24A}.Release|x64.ActiveCfg = Release|x64
		{388A845A-E4C2-41E5-9DAE-D19E59D6B24A}.Release|x64.Build.0 = Release|x64
		{388A845A-E4C2-41E5-9DAE-D19E59D6B24A}.Release|x86.ActiveCfg = Release|Win32
		{388A845A-E4C2-41E5-9DAE-D19E59D6B24A}.Release|x86.Build.0 = Release|Win32
	EndGlobalSection
	GlobalSection(SolutionProperties) = preSolution
		HideSolutionNode = FALSE
	EndGlobalSection
	GlobalSection(ExtensibilityGlobals) = postSolution
		SolutionGuid = {6AD9CF67-BD7D-4B1C-9D0E-BDC1B592C47F}
	EndGlobalSection
EndGlobal
